{
  "lockfile_version": "1",
  "packages": {
    "github:NixOS/nixpkgs/nixpkgs-unstable": {
      "last_modified": "2026-09-26T10:42:53Z",
      "resolved": "github:NixOS/nixpkgs/74435dcdae840e9770652a7bf7754c2ef7b257e1?lastModified=1790419373"
    },
    "ruby@3.3": {
      "last_modified": "2026-01-23T17:20:52Z",
      "plugin_version": "0.0.2",
      "resolved": "github:NixOS/nixpkgs/a1bab9e494f5f4939442a57a58d0449a109593fe#ruby",
      "source": "devbox-search",
      "version": "3.3.10",
      "systems": {
        "aarch64-darwin": {
          "outputs": [
            {
              "name": "out",
              "path": "/nix/store/d9wal8y7w1zpvyas3x1q4ykz880mmklk-ruby-3.3.10",
              "default": true
            },
            {
              "name": "devdoc",
              "path": "/nix/store/1rfqp0848j3gnm222ls3bipk1azcrrq3-ruby-3.3.10-devdoc"
            }
          ],
          "store_path": "/nix/store/d9wal8y7w1zpvyas3x1q4ykz880mmklk-ruby-3.3.10"
        },
        "aarch64-linux": {
          "outputs": [
            {
              "name": "out",
              "path": "/nix/store/1hlahw0ijkxx1aqy3x41k3gxpgv34g7d-ruby-3.3.10",
              "default": true
            },
            {
              "name": "devdoc",
              "path": "/nix/store/arvi0gqvw07ngbi2ci20dn5ka2jz5irv-ruby-3.3.10-devdoc"
            }
          ],
          "store_path": "/nix/store/1hlahw0ijkxx1aqy3x41k3gxpgv34g7d-ruby-3.3.10"
        },
        "x86_64-darwin": {
          "outputs": [
            {
              "name": "out",
              "path": "/nix/store/as6xdshxpansvkag8zqr602ajkn9079z-ruby-3.3.10",
              "default": true
            },
            {
              "name": "devdoc",
              "path": "/nix/store/wix1487x3br4gxa0il4q6llz5xyqxspl-ruby-3.3.10-devdoc"
            }
          ],
          "store_path": "/nix/store/as6xdshxpansvkag8zqr602ajkn9079z-ruby-3.3.10"
        },
        "x86_64-linux": {
          "outputs": [
            {
              "name": "out",
              "path": "/nix/store/6jz2pgmsh06z9a83qi33f6lp9w2q6mzm-ruby-3.3.10",
              "default": true
            },
            {
              "name": "devdoc",
              "path": "/nix/store/kah8xsbcd10iakxqmlw558iarhsrd5vi-ruby-3.3.10-devdoc"
            }
          ],
          "store_path": "/nix/store/6jz2pgmsh06z9a83qi33f6lp9w2q6mzm-ruby-3.3.10"
        }
      }
    }
  }
}
